
Microsoft Visual Studio Solution File, Format Version 12.00
# Visual Studio Version 16
VisualStudioVersion = 16.0.33328.57
MinimumVisualStudioVersion = 10.0.40219.1
Project("{FAE04EC0-301F-11D3-BF4B-00C04F79EFBC}") = "PersonalInformation", "Person\PersonalInformation.csproj", "{DE707675-FD60-43A2-89A2-E6C5A3E97685}"
EndProject
Project("{FAE04EC0-301F-11D3-BF4B-00C04F79EFBC}") = "UnitTestPerson", "UnitTestPerson\UnitTestPerson.csproj", "{F4A8810E-2A44-463F-8C56-8DF3A5D087E0}"
EndProject
Global
	GlobalSection(SolutionConfigurationPlatforms) = preSolution
		Debug|Any CPU = Debug|Any CPU
		Release|Any CPU = Release|Any CPU
	EndGlobalSection
	GlobalSection(ProjectConfigurationPlatforms) = postSolution
		{DE707675-FD60-43A2-89A2-E6C5A3E97685}.Debug|Any CPU.ActiveCfg = Debug|Any CPU
		{DE707675-FD60-43A2-89A2-E6C5A3E97685}.Debug|Any CPU.Build.0 = Debug|Any CPU
		{DE707675-FD60-43A2-89A2-E6C5A3E97685}.Release|Any CPU.ActiveCfg = Release|Any CPU
		{DE707675-FD60-43A2-89A2-E6C5A3E97685}.Release|Any CPU.Build.0 = Release|Any CPU
		{F4A8810E-2A44-463F-8C56-8DF3A5D087E0}.Debug|Any CPU.ActiveCfg = Debug|Any CPU
		{F4A8810E-2A44-463F-8C56-8DF3A5D087E0}.Debug|Any CPU.Build.0 = Debug|Any CPU
		{F4A8810E-2A44-463F-8C56-8DF3A5D087E0}.Release|Any CPU.ActiveCfg = Release|Any CPU
		{F4A8810E-2A44-463F-8C56-8DF3A5D087E0}.Release|Any CPU.Build.0 = Release|Any CPU
	EndGlobalSection
	GlobalSection(SolutionProperties) = preSolution
		HideSolutionNode = FALSE
	EndGlobalSection
	GlobalSection(ExtensibilityGlobals) = postSolution
		SolutionGuid = {0B62ECFC-B7A4-469E-A7CF-E6CBAB75B300}
	EndGlobalSection
EndGlobal
