
Microsoft Visual Studio Solution File, Format Version 12.00
# Visual Studio Version 16
VisualStudioVersion = 16.0.33328.57
MinimumVisualStudioVersion = 10.0.40219.1
Project("{FAE04EC0-301F-11D3-BF4B-00C04F79EFBC}") = "DataBaseConnection", "DataBaseConnection\DataBaseConnection.csproj", "{412BB082-3A7C-46B3-961D-DB0AFC54274F}"
EndProject
Global
	GlobalSection(SolutionConfigurationPlatforms) = preSolution
		Debug|Any CPU = Debug|Any CPU
		Release|Any CPU = Release|Any CPU
	EndGlobalSection
	GlobalSection(ProjectConfigurationPlatforms) = postSolution
		{412BB082-3A7C-46B3-961D-DB0AFC54274F}.Debug|Any CPU.ActiveCfg = Debug|Any CPU
		{412BB082-3A7C-46B3-961D-DB0AFC54274F}.Debug|Any CPU.Build.0 = Debug|Any CPU
		{412BB082-3A7C-46B3-961D-DB0AFC54274F}.Release|Any CPU.ActiveCfg = Release|Any CPU
		{412BB082-3A7C-46B3-961D-DB0AFC54274F}.Release|Any CPU.Build.0 = Release|Any CPU
	EndGlobalSection
	GlobalSection(SolutionProperties) = preSolution
		HideSolutionNode = FALSE
	EndGlobalSection
	GlobalSection(ExtensibilityGlobals) = postSolution
		SolutionGuid = {1C2E0635-0C19-4F5A-B80D-411487E9C477}
	EndGlobalSection
EndGlobal
