
Microsoft Visual Studio Solution File, Format Version 12.00
# Visual Studio Version 16
VisualStudioVersion = 16.0.33328.57
MinimumVisualStudioVersion = 10.0.40219.1
Project("{FAE04EC0-301F-11D3-BF4B-00C04F79EFBC}") = "PersonalInformations", "PersonalInformations\PersonalInformations.csproj", "{F7E99B29-2BE1-4948-952B-30136BC70F16}"
EndProject
Global
	GlobalSection(SolutionConfigurationPlatforms) = preSolution
		Debug|Any CPU = Debug|Any CPU
		Release|Any CPU = Release|Any CPU
	EndGlobalSection
	GlobalSection(ProjectConfigurationPlatforms) = postSolution
		{F7E99B29-2BE1-4948-952B-30136BC70F16}.Debug|Any CPU.ActiveCfg = Debug|Any CPU
		{F7E99B29-2BE1-4948-952B-30136BC70F16}.Debug|Any CPU.Build.0 = Debug|Any CPU
		{F7E99B29-2BE1-4948-952B-30136BC70F16}.Release|Any CPU.ActiveCfg = Release|Any CPU
		{F7E99B29-2BE1-4948-952B-30136BC70F16}.Release|Any CPU.Build.0 = Release|Any CPU
	EndGlobalSection
	GlobalSection(SolutionProperties) = preSolution
		HideSolutionNode = FALSE
	EndGlobalSection
	GlobalSection(ExtensibilityGlobals) = postSolution
		SolutionGuid = {7D12E6B0-DFB4-4546-8418-12D2F8546853}
	EndGlobalSection
EndGlobal
